// !$*UTF8*$!
{
	archiveVersion = 1;
	classes = {
	};
	objectVersion = 51;
	objects = {

/* Begin PBXBuildFile section */
		25607B16A8BD287342F2D364 /* Pods_reserveMyStuff.framework in Frameworks */ = {isa = PBXBuildFile; fileRef = 4FFC6B55D6DB0311A2391171 /* Pods_reserveMyStuff.framework */; };
		4A4296B2C7DC7F2784E351BB /* Pods_reserveMyStuffTests.framework in Frameworks */ = {isa = PBXBuildFile; fileRef = BFC2848A663E5FCF826BD2AE /* Pods_reserveMyStuffTests.framework */; };
		DA0A3074244A3E46000D953A /* AppCoordinator.swift in Sources */ = {isa = PBXBuildFile; fileRef = DA0A3073244A3E46000D953A /* AppCoordinator.swift */; };
		DA0A3076244A3F8A000D953A /* MainCoordinator.swift in Sources */ = {isa = PBXBuildFile; fileRef = DA0A3075244A3F8A000D953A /* MainCoordinator.swift */; };
		DA0A3C06244A3C850037BE0B /* ReservationsTableViewController.swift in Sources */ = {isa = PBXBuildFile; fileRef = DA0A3C05244A3C850037BE0B /* ReservationsTableViewController.swift */; };
		DA3A4A04244A2CDF00D7D660 /* AppDelegate.swift in Sources */ = {isa = PBXBuildFile; fileRef = DA3A4A03244A2CDF00D7D660 /* AppDelegate.swift */; };
		DA3A4A06244A2CDF00D7D660 /* SceneDelegate.swift in Sources */ = {isa = PBXBuildFile; fileRef = DA3A4A05244A2CDF00D7D660 /* SceneDelegate.swift */; };
		DA3A4A0B244A2CDF00D7D660 /* Main.storyboard in Resources */ = {isa = PBXBuildFile; fileRef = DA3A4A09244A2CDF00D7D660 /* Main.storyboard */; };
		DA3A4A0E244A2CDF00D7D660 /* reserveMyStuff.xcdatamodeld in Sources */ = {isa = PBXBuildFile; fileRef = DA3A4A0C244A2CDF00D7D660 /* reserveMyStuff.xcdatamodeld */; };
		DA3A4A10244A2CE100D7D660 /* Assets.xcassets in Resources */ = {isa = PBXBuildFile; fileRef = DA3A4A0F244A2CE100D7D660 /* Assets.xcassets */; };
		DA3A4A13244A2CE100D7D660 /* LaunchScreen.storyboard in Resources */ = {isa = PBXBuildFile; fileRef = DA3A4A11244A2CE100D7D660 /* LaunchScreen.storyboard */; };
		DA3A4A1E244A2CE100D7D660 /* reserveMyStuffTests.swift in Sources */ = {isa = PBXBuildFile; fileRef = DA3A4A1D244A2CE100D7D660 /* reserveMyStuffTests.swift */; };
		DA3A4A31244A2DCE00D7D660 /* Storyboarded.swift in Sources */ = {isa = PBXBuildFile; fileRef = DA3A4A2E244A2DCE00D7D660 /* Storyboarded.swift */; };
		DA3A4A32244A2DCE00D7D660 /* Coordinator.swift in Sources */ = {isa = PBXBuildFile; fileRef = DA3A4A2F244A2DCE00D7D660 /* Coordinator.swift */; };
		DA3A4A33244A2DCE00D7D660 /* Navigatable.swift in Sources */ = {isa = PBXBuildFile; fileRef = DA3A4A30244A2DCE00D7D660 /* Navigatable.swift */; };
		DA3A4A50244A313400D7D660 /* JXNetworkManager.swift in Sources */ = {isa = PBXBuildFile; fileRef = DA3A4A34244A313400D7D660 /* JXNetworkManager.swift */; };
		DA3A4A51244A313400D7D660 /* JobUnitV2Router.swift in Sources */ = {isa = PBXBuildFile; fileRef = DA3A4A36244A313400D7D660 /* JobUnitV2Router.swift */; };
		DA3A4A52244A313400D7D660 /* JXGoogleRouter.swift in Sources */ = {isa = PBXBuildFile; fileRef = DA3A4A37244A313400D7D660 /* JXGoogleRouter.swift */; };
		DA3A4A53244A313400D7D660 /* ParametersEncoding.swift in Sources */ = {isa = PBXBuildFile; fileRef = DA3A4A3A244A313400D7D660 /* ParametersEncoding.swift */; };
		DA3A4A54244A313400D7D660 /* HTTPMethod.swift in Sources */ = {isa = PBXBuildFile; fileRef = DA3A4A3B244A313400D7D660 /* HTTPMethod.swift */; };
		DA3A4A55244A313400D7D660 /* Task.swift in Sources */ = {isa = PBXBuildFile; fileRef = DA3A4A3C244A313400D7D660 /* Task.swift */; };
		DA3A4A56244A313400D7D660 /* EmptyOperation.swift in Sources */ = {isa = PBXBuildFile; fileRef = DA3A4A3E244A313400D7D660 /* EmptyOperation.swift */; };
		DA3A4A57244A313400D7D660 /* Operable.swift in Sources */ = {isa = PBXBuildFile; fileRef = DA3A4A3F244A313400D7D660 /* Operable.swift */; };
		DA3A4A58244A313400D7D660 /* DecodableOperation.swift in Sources */ = {isa = PBXBuildFile; fileRef = DA3A4A40244A313400D7D660 /* DecodableOperation.swift */; };
		DA3A4A5A244A313400D7D660 /* URLRequest+Common+Extension.swift in Sources */ = {isa = PBXBuildFile; fileRef = DA3A4A43244A313400D7D660 /* URLRequest+Common+Extension.swift */; };
		DA3A4A5B244A313400D7D660 /* URLSession+Common+Extension.swift in Sources */ = {isa = PBXBuildFile; fileRef = DA3A4A44244A313400D7D660 /* URLSession+Common+Extension.swift */; };
		DA3A4A5C244A313400D7D660 /* URLComponents+Common+Extension.swift in Sources */ = {isa = PBXBuildFile; fileRef = DA3A4A45244A313400D7D660 /* URLComponents+Common+Extension.swift */; };
		DA3A4A5D244A313400D7D660 /* URL+Common+Extension.swift in Sources */ = {isa = PBXBuildFile; fileRef = DA3A4A46244A313400D7D660 /* URL+Common+Extension.swift */; };
		DA3A4A5E244A313400D7D660 /* NetworkingConstants.swift in Sources */ = {isa = PBXBuildFile; fileRef = DA3A4A47244A313400D7D660 /* NetworkingConstants.swift */; };
		DA3A4A5F244A313400D7D660 /* Mockable.swift in Sources */ = {isa = PBXBuildFile; fileRef = DA3A4A49244A313400D7D660 /* Mockable.swift */; };
		DA3A4A60244A313400D7D660 /* QueueManageable.swift in Sources */ = {isa = PBXBuildFile; fileRef = DA3A4A4A244A313400D7D660 /* QueueManageable.swift */; };
		DA3A4A61244A313400D7D660 /* NetworkRoutable.swift in Sources */ = {isa = PBXBuildFile; fileRef = DA3A4A4B244A313400D7D660 /* NetworkRoutable.swift */; };
		DA3A4A62244A313400D7D660 /* URLSessionProvidable.swift in Sources */ = {isa = PBXBuildFile; fileRef = DA3A4A4C244A313400D7D660 /* URLSessionProvidable.swift */; };
		DA3A4A63244A313400D7D660 /* GMDirectionsMock.json in Resources */ = {isa = PBXBuildFile; fileRef = DA3A4A4E244A313400D7D660 /* GMDirectionsMock.json */; };
		DA3A4A64244A313400D7D660 /* MockSession.swift in Sources */ = {isa = PBXBuildFile; fileRef = DA3A4A4F244A313400D7D660 /* MockSession.swift */; };
		DA3A4A66244A327800D7D660 /* NetworkingErrors.swift in Sources */ = {isa = PBXBuildFile; fileRef = DA3A4A65244A327800D7D660 /* NetworkingErrors.swift */; };
		DA3A4A69244A360900D7D660 /* Result+Extension.swift in Sources */ = {isa = PBXBuildFile; fileRef = DA3A4A68244A360900D7D660 /* Result+Extension.swift */; };
		DA7F5FDA244A58DD00D9D693 /* R.generated.swift in Sources */ = {isa = PBXBuildFile; fileRef = DA7F5FD9244A58DD00D9D693 /* R.generated.swift */; };
		DA7F5FDC244A5B1F00D9D693 /* Colors.xcassets in Resources */ = {isa = PBXBuildFile; fileRef = DA7F5FDB244A5B1F00D9D693 /* Colors.xcassets */; };
		DA938431244A5F4300EA2CF7 /* Localizable.strings in Resources */ = {isa = PBXBuildFile; fileRef = DA938430244A5F4300EA2CF7 /* Localizable.strings */; };
		DA938434244A624000EA2CF7 /* ReservationTableViewCell.swift in Sources */ = {isa = PBXBuildFile; fileRef = DA938432244A624000EA2CF7 /* ReservationTableViewCell.swift */; };
		DA938435244A624000EA2CF7 /* ReservationTableViewCell.xib in Resources */ = {isa = PBXBuildFile; fileRef = DA938433244A624000EA2CF7 /* ReservationTableViewCell.xib */; };
		DA938438244A72EE00EA2CF7 /* Reservation.swift in Sources */ = {isa = PBXBuildFile; fileRef = DA938437244A72EE00EA2CF7 /* Reservation.swift */; };
		DA93843A244A745300EA2CF7 /* ReservationOption.swift in Sources */ = {isa = PBXBuildFile; fileRef = DA938439244A745300EA2CF7 /* ReservationOption.swift */; };
		DA93843D244A797000EA2CF7 /* ScheduleViewController.swift in Sources */ = {isa = PBXBuildFile; fileRef = DA93843C244A797000EA2CF7 /* ScheduleViewController.swift */; };
		DA93843F244A8B9600EA2CF7 /* MonthViewController.swift in Sources */ = {isa = PBXBuildFile; fileRef = DA93843E244A8B9600EA2CF7 /* MonthViewController.swift */; };
		DA938441244A8BA100EA2CF7 /* TimeOfDayViewController.swift in Sources */ = {isa = PBXBuildFile; fileRef = DA938440244A8BA100EA2CF7 /* TimeOfDayViewController.swift */; };
		DA938446244A8E2B00EA2CF7 /* MonthCollectionViewCell.swift in Sources */ = {isa = PBXBuildFile; fileRef = DA938444244A8E2B00EA2CF7 /* MonthCollectionViewCell.swift */; };
		DA938447244A8E2B00EA2CF7 /* MonthCollectionViewCell.xib in Resources */ = {isa = PBXBuildFile; fileRef = DA938445244A8E2B00EA2CF7 /* MonthCollectionViewCell.xib */; };
		DA93844C244A959100EA2CF7 /* TimeOfDayCollectionViewCell.swift in Sources */ = {isa = PBXBuildFile; fileRef = DA93844A244A959100EA2CF7 /* TimeOfDayCollectionViewCell.swift */; };
		DA93844D244A959100EA2CF7 /* TimeOfDayCollectionViewCell.xib in Resources */ = {isa = PBXBuildFile; fileRef = DA93844B244A959100EA2CF7 /* TimeOfDayCollectionViewCell.xib */; };
/* End PBXBuildFile section */

/* Begin PBXContainerItemProxy section */
		DA3A4A1A244A2CE100D7D660 /* PBXContainerItemProxy */ = {
			isa = PBXContainerItemProxy;
			containerPortal = DA3A49F8244A2CDF00D7D660 /* Project object */;
			proxyType = 1;
			remoteGlobalIDString = DA3A49FF244A2CDF00D7D660;
			remoteInfo = reserveMyStuff;
		};
/* End PBXContainerItemProxy section */

/* Begin PBXFileReference section */
		3D1D323C154E09E4C215E502 /* Pods-reserveMyStuffTests.debug.xcconfig */ = {isa = PBXFileReference; includeInIndex = 1; lastKnownFileType = text.xcconfig; name = "Pods-reserveMyStuffTests.debug.xcconfig"; path = "Target Support Files/Pods-reserveMyStuffTests/Pods-reserveMyStuffTests.debug.xcconfig"; sourceTree = "<group>"; };
		4FFC6B55D6DB0311A2391171 /* Pods_reserveMyStuff.framework */ = {isa = PBXFileReference; explicitFileType = wrapper.framework; includeInIndex = 0; path = Pods_reserveMyStuff.framework; sourceTree = BUILT_PRODUCTS_DIR; };
		6251915B8B0397D1CE0860DF /* Pods-reserveMyStuff.debug.xcconfig */ = {isa = PBXFileReference; includeInIndex = 1; lastKnownFileType = text.xcconfig; name = "Pods-reserveMyStuff.debug.xcconfig"; path = "Target Support Files/Pods-reserveMyStuff/Pods-reserveMyStuff.debug.xcconfig"; sourceTree = "<group>"; };
		893247B22D4086FD42063B5E /* Pods-reserveMyStuffTests.release.xcconfig */ = {isa = PBXFileReference; includeInIndex = 1; lastKnownFileType = text.xcconfig; name = "Pods-reserveMyStuffTests.release.xcconfig"; path = "Target Support Files/Pods-reserveMyStuffTests/Pods-reserveMyStuffTests.release.xcconfig"; sourceTree = "<group>"; };
		BFC2848A663E5FCF826BD2AE /* Pods_reserveMyStuffTests.framework */ = {isa = PBXFileReference; explicitFileType = wrapper.framework; includeInIndex = 0; path = Pods_reserveMyStuffTests.framework; sourceTree = BUILT_PRODUCTS_DIR; };
		DA0A3073244A3E46000D953A /* AppCoordinator.swift */ = {isa = PBXFileReference; lastKnownFileType = sourcecode.swift; path = AppCoordinator.swift; sourceTree = "<group>"; };
		DA0A3075244A3F8A000D953A /* MainCoordinator.swift */ = {isa = PBXFileReference; lastKnownFileType = sourcecode.swift; path = MainCoordinator.swift; sourceTree = "<group>"; };
		DA0A3C05244A3C850037BE0B /* ReservationsTableViewController.swift */ = {isa = PBXFileReference; lastKnownFileType = sourcecode.swift; path = ReservationsTableViewController.swift; sourceTree = "<group>"; };
		DA3A4A00244A2CDF00D7D660 /* reserveMyStuff.app */ = {isa = PBXFileReference; explicitFileType = wrapper.application; includeInIndex = 0; path = reserveMyStuff.app; sourceTree = BUILT_PRODUCTS_DIR; };
		DA3A4A03244A2CDF00D7D660 /* AppDelegate.swift */ = {isa = PBXFileReference; lastKnownFileType = sourcecode.swift; path = AppDelegate.swift; sourceTree = "<group>"; };
		DA3A4A05244A2CDF00D7D660 /* SceneDelegate.swift */ = {isa = PBXFileReference; lastKnownFileType = sourcecode.swift; path = SceneDelegate.swift; sourceTree = "<group>"; };
		DA3A4A0A244A2CDF00D7D660 /* Base */ = {isa = PBXFileReference; lastKnownFileType = file.storyboard; name = Base; path = Base.lproj/Main.storyboard; sourceTree = "<group>"; };
		DA3A4A0D244A2CDF00D7D660 /* reserveMyStuff.xcdatamodel */ = {isa = PBXFileReference; lastKnownFileType = wrapper.xcdatamodel; path = reserveMyStuff.xcdatamodel; sourceTree = "<group>"; };
		DA3A4A0F244A2CE100D7D660 /* Assets.xcassets */ = {isa = PBXFileReference; lastKnownFileType = folder.assetcatalog; path = Assets.xcassets; sourceTree = "<group>"; };
		DA3A4A12244A2CE100D7D660 /* Base */ = {isa = PBXFileReference; lastKnownFileType = file.storyboard; name = Base; path = Base.lproj/LaunchScreen.storyboard; sourceTree = "<group>"; };
		DA3A4A14244A2CE100D7D660 /* Info.plist */ = {isa = PBXFileReference; lastKnownFileType = text.plist.xml; path = Info.plist; sourceTree = "<group>"; };
		DA3A4A19244A2CE100D7D660 /* reserveMyStuffTests.xctest */ = {isa = PBXFileReference; explicitFileType = wrapper.cfbundle; includeInIndex = 0; path = reserveMyStuffTests.xctest; sourceTree = BUILT_PRODUCTS_DIR; };
		DA3A4A1D244A2CE100D7D660 /* reserveMyStuffTests.swift */ = {isa = PBXFileReference; lastKnownFileType = sourcecode.swift; path = reserveMyStuffTests.swift; sourceTree = "<group>"; };
		DA3A4A1F244A2CE100D7D660 /* Info.plist */ = {isa = PBXFileReference; lastKnownFileType = text.plist.xml; path = Info.plist; sourceTree = "<group>"; };
		DA3A4A2E244A2DCE00D7D660 /* Storyboarded.swift */ = {isa = PBXFileReference; fileEncoding = 4; lastKnownFileType = sourcecode.swift; path = Storyboarded.swift; sourceTree = "<group>"; };
		DA3A4A2F244A2DCE00D7D660 /* Coordinator.swift */ = {isa = PBXFileReference; fileEncoding = 4; lastKnownFileType = sourcecode.swift; path = Coordinator.swift; sourceTree = "<group>"; };
		DA3A4A30244A2DCE00D7D660 /* Navigatable.swift */ = {isa = PBXFileReference; fileEncoding = 4; lastKnownFileType = sourcecode.swift; path = Navigatable.swift; sourceTree = "<group>"; };
		DA3A4A34244A313400D7D660 /* JXNetworkManager.swift */ = {isa = PBXFileReference; fileEncoding = 4; lastKnownFileType = sourcecode.swift; path = JXNetworkManager.swift; sourceTree = "<group>"; };
		DA3A4A36244A313400D7D660 /* JobUnitV2Router.swift */ = {isa = PBXFileReference; fileEncoding = 4; lastKnownFileType = sourcecode.swift; path = JobUnitV2Router.swift; sourceTree = "<group>"; };
		DA3A4A37244A313400D7D660 /* JXGoogleRouter.swift */ = {isa = PBXFileReference; fileEncoding = 4; lastKnownFileType = sourcecode.swift; path = JXGoogleRouter.swift; sourceTree = "<group>"; };
		DA3A4A3A244A313400D7D660 /* ParametersEncoding.swift */ = {isa = PBXFileReference; fileEncoding = 4; lastKnownFileType = sourcecode.swift; path = ParametersEncoding.swift; sourceTree = "<group>"; };
		DA3A4A3B244A313400D7D660 /* HTTPMethod.swift */ = {isa = PBXFileReference; fileEncoding = 4; lastKnownFileType = sourcecode.swift; path = HTTPMethod.swift; sourceTree = "<group>"; };
		DA3A4A3C244A313400D7D660 /* Task.swift */ = {isa = PBXFileReference; fileEncoding = 4; lastKnownFileType = sourcecode.swift; path = Task.swift; sourceTree = "<group>"; };
		DA3A4A3E244A313400D7D660 /* EmptyOperation.swift */ = {isa = PBXFileReference; fileEncoding = 4; lastKnownFileType = sourcecode.swift; path = EmptyOperation.swift; sourceTree = "<group>"; };
		DA3A4A3F244A313400D7D660 /* Operable.swift */ = {isa = PBXFileReference; fileEncoding = 4; lastKnownFileType = sourcecode.swift; path = Operable.swift; sourceTree = "<group>"; };
		DA3A4A40244A313400D7D660 /* DecodableOperation.swift */ = {isa = PBXFileReference; fileEncoding = 4; lastKnownFileType = sourcecode.swift; path = DecodableOperation.swift; sourceTree = "<group>"; };
		DA3A4A43244A313400D7D660 /* URLRequest+Common+Extension.swift */ = {isa = PBXFileReference; fileEncoding = 4; lastKnownFileType = sourcecode.swift; path = "URLRequest+Common+Extension.swift"; sourceTree = "<group>"; };
		DA3A4A44244A313400D7D660 /* URLSession+Common+Extension.swift */ = {isa = PBXFileReference; fileEncoding = 4; lastKnownFileType = sourcecode.swift; path = "URLSession+Common+Extension.swift"; sourceTree = "<group>"; };
		DA3A4A45244A313400D7D660 /* URLComponents+Common+Extension.swift */ = {isa = PBXFileReference; fileEncoding = 4; lastKnownFileType = sourcecode.swift; path = "URLComponents+Common+Extension.swift"; sourceTree = "<group>"; };
		DA3A4A46244A313400D7D660 /* URL+Common+Extension.swift */ = {isa = PBXFileReference; fileEncoding = 4; lastKnownFileType = sourcecode.swift; path = "URL+Common+Extension.swift"; sourceTree = "<group>"; };
		DA3A4A47244A313400D7D660 /* NetworkingConstants.swift */ = {isa = PBXFileReference; fileEncoding = 4; lastKnownFileType = sourcecode.swift; path = NetworkingConstants.swift; sourceTree = "<group>"; };
		DA3A4A49244A313400D7D660 /* Mockable.swift */ = {isa = PBXFileReference; fileEncoding = 4; lastKnownFileType = sourcecode.swift; path = Mockable.swift; sourceTree = "<group>"; };
		DA3A4A4A244A313400D7D660 /* QueueManageable.swift */ = {isa = PBXFileReference; fileEncoding = 4; lastKnownFileType = sourcecode.swift; path = QueueManageable.swift; sourceTree = "<group>"; };
		DA3A4A4B244A313400D7D660 /* NetworkRoutable.swift */ = {isa = PBXFileReference; fileEncoding = 4; lastKnownFileType = sourcecode.swift; path = NetworkRoutable.swift; sourceTree = "<group>"; };
		DA3A4A4C244A313400D7D660 /* URLSessionProvidable.swift */ = {isa = PBXFileReference; fileEncoding = 4; lastKnownFileType = sourcecode.swift; path = URLSessionProvidable.swift; sourceTree = "<group>"; };
		DA3A4A4E244A313400D7D660 /* GMDirectionsMock.json */ = {isa = PBXFileReference; fileEncoding = 4; lastKnownFileType = text.json; path = GMDirectionsMock.json; sourceTree = "<group>"; };
		DA3A4A4F244A313400D7D660 /* MockSession.swift */ = {isa = PBXFileReference; fileEncoding = 4; lastKnownFileType = sourcecode.swift; path = MockSession.swift; sourceTree = "<group>"; };
		DA3A4A65244A327800D7D660 /* NetworkingErrors.swift */ = {isa = PBXFileReference; lastKnownFileType = sourcecode.swift; path = NetworkingErrors.swift; sourceTree = "<group>"; };
		DA3A4A68244A360900D7D660 /* Result+Extension.swift */ = {isa = PBXFileReference; lastKnownFileType = sourcecode.swift; path = "Result+Extension.swift"; sourceTree = "<group>"; };
		DA7F5FD9244A58DD00D9D693 /* R.generated.swift */ = {isa = PBXFileReference; fileEncoding = 4; lastKnownFileType = sourcecode.swift; path = R.generated.swift; sourceTree = SOURCE_ROOT; };
		DA7F5FDB244A5B1F00D9D693 /* Colors.xcassets */ = {isa = PBXFileReference; lastKnownFileType = folder.assetcatalog; path = Colors.xcassets; sourceTree = "<group>"; };
		DA938430244A5F4300EA2CF7 /* Localizable.strings */ = {isa = PBXFileReference; lastKnownFileType = text.plist.strings; path = Localizable.strings; sourceTree = "<group>"; };
		DA938432244A624000EA2CF7 /* ReservationTableViewCell.swift */ = {isa = PBXFileReference; lastKnownFileType = sourcecode.swift; path = ReservationTableViewCell.swift; sourceTree = "<group>"; };
		DA938433244A624000EA2CF7 /* ReservationTableViewCell.xib */ = {isa = PBXFileReference; lastKnownFileType = file.xib; path = ReservationTableViewCell.xib; sourceTree = "<group>"; };
		DA938437244A72EE00EA2CF7 /* Reservation.swift */ = {isa = PBXFileReference; lastKnownFileType = sourcecode.swift; path = Reservation.swift; sourceTree = "<group>"; };
		DA938439244A745300EA2CF7 /* ReservationOption.swift */ = {isa = PBXFileReference; lastKnownFileType = sourcecode.swift; path = ReservationOption.swift; sourceTree = "<group>"; };
		DA93843C244A797000EA2CF7 /* ScheduleViewController.swift */ = {isa = PBXFileReference; lastKnownFileType = sourcecode.swift; path = ScheduleViewController.swift; sourceTree = "<group>"; };
		DA93843E244A8B9600EA2CF7 /* MonthViewController.swift */ = {isa = PBXFileReference; lastKnownFileType = sourcecode.swift; path = MonthViewController.swift; sourceTree = "<group>"; };
		DA938440244A8BA100EA2CF7 /* TimeOfDayViewController.swift */ = {isa = PBXFileReference; lastKnownFileType = sourcecode.swift; path = TimeOfDayViewController.swift; sourceTree = "<group>"; };
		DA938444244A8E2B00EA2CF7 /* MonthCollectionViewCell.swift */ = {isa = PBXFileReference; lastKnownFileType = sourcecode.swift; path = MonthCollectionViewCell.swift; sourceTree = "<group>"; };
		DA938445244A8E2B00EA2CF7 /* MonthCollectionViewCell.xib */ = {isa = PBXFileReference; lastKnownFileType = file.xib; path = MonthCollectionViewCell.xib; sourceTree = "<group>"; };
		DA93844A244A959100EA2CF7 /* TimeOfDayCollectionViewCell.swift */ = {isa = PBXFileReference; lastKnownFileType = sourcecode.swift; path = TimeOfDayCollectionViewCell.swift; sourceTree = "<group>"; };
		DA93844B244A959100EA2CF7 /* TimeOfDayCollectionViewCell.xib */ = {isa = PBXFileReference; lastKnownFileType = file.xib; path = TimeOfDayCollectionViewCell.xib; sourceTree = "<group>"; };
		DF0094A84B71C05EFECCD25F /* Pods-reserveMyStuff.release.xcconfig */ = {isa = PBXFileReference; includeInIndex = 1; lastKnownFileType = text.xcconfig; name = "Pods-reserveMyStuff.release.xcconfig"; path = "Target Support Files/Pods-reserveMyStuff/Pods-reserveMyStuff.release.xcconfig"; sourceTree = "<group>"; };
/* End PBXFileReference section */

/* Begin PBXFrameworksBuildPhase section */
		DA3A49FD244A2CDF00D7D660 /* Frameworks */ = {
			isa = PBXFrameworksBuildPhase;
			buildActionMask = 2147483647;
			files = (
				25607B16A8BD287342F2D364 /* Pods_reserveMyStuff.framework in Frameworks */,
			);
			runOnlyForDeploymentPostprocessing = 0;
		};
		DA3A4A16244A2CE100D7D660 /* Frameworks */ = {
			isa = PBXFrameworksBuildPhase;
			buildActionMask = 2147483647;
			files = (
				4A4296B2C7DC7F2784E351BB /* Pods_reserveMyStuffTests.framework in Frameworks */,
			);
			runOnlyForDeploymentPostprocessing = 0;
		};
/* End PBXFrameworksBuildPhase section */

/* Begin PBXGroup section */
		3328B145D4C862F8BAC4ADC6 /* Frameworks */ = {
			isa = PBXGroup;
			children = (
				4FFC6B55D6DB0311A2391171 /* Pods_reserveMyStuff.framework */,
				BFC2848A663E5FCF826BD2AE /* Pods_reserveMyStuffTests.framework */,
			);
			name = Frameworks;
			sourceTree = "<group>";
		};
		97D5A3981E93E5BE0C2BCD21 /* Pods */ = {
			isa = PBXGroup;
			children = (
				6251915B8B0397D1CE0860DF /* Pods-reserveMyStuff.debug.xcconfig */,
				DF0094A84B71C05EFECCD25F /* Pods-reserveMyStuff.release.xcconfig */,
				3D1D323C154E09E4C215E502 /* Pods-reserveMyStuffTests.debug.xcconfig */,
				893247B22D4086FD42063B5E /* Pods-reserveMyStuffTests.release.xcconfig */,
			);
			path = Pods;
			sourceTree = "<group>";
		};
		DA0A3072244A3DAF000D953A /* Core */ = {
			isa = PBXGroup;
			children = (
				DA3A4A2F244A2DCE00D7D660 /* Coordinator.swift */,
				DA3A4A30244A2DCE00D7D660 /* Navigatable.swift */,
				DA3A4A2E244A2DCE00D7D660 /* Storyboarded.swift */,
			);
			path = Core;
			sourceTree = "<group>";
		};
		DA0A3C07244A3CDA0037BE0B /* Reservations */ = {
			isa = PBXGroup;
			children = (
				DA0A3C05244A3C850037BE0B /* ReservationsTableViewController.swift */,
				DA938432244A624000EA2CF7 /* ReservationTableViewCell.swift */,
				DA938433244A624000EA2CF7 /* ReservationTableViewCell.xib */,
			);
			path = Reservations;
			sourceTree = "<group>";
		};
		DA3A49F7244A2CDF00D7D660 = {
			isa = PBXGroup;
			children = (
				DA3A4A02244A2CDF00D7D660 /* reserveMyStuff */,
				DA3A4A1C244A2CE100D7D660 /* reserveMyStuffTests */,
				DA3A4A01244A2CDF00D7D660 /* Products */,
				97D5A3981E93E5BE0C2BCD21 /* Pods */,
				3328B145D4C862F8BAC4ADC6 /* Frameworks */,
			);
			sourceTree = "<group>";
		};
		DA3A4A01244A2CDF00D7D660 /* Products */ = {
			isa = PBXGroup;
			children = (
				DA3A4A00244A2CDF00D7D660 /* reserveMyStuff.app */,
				DA3A4A19244A2CE100D7D660 /* reserveMyStuffTests.xctest */,
			);
			name = Products;
			sourceTree = "<group>";
		};
		DA3A4A02244A2CDF00D7D660 /* reserveMyStuff */ = {
			isa = PBXGroup;
			children = (
				DA938436244A72D900EA2CF7 /* Models */,
				DA3A4A28244A2D2200D7D660 /* Data Layer */,
				DA3A4A67244A35F800D7D660 /* Extensions */,
				DA3A4A2A244A2D3E00D7D660 /* Navigation Layer */,
				DA3A4A29244A2D3700D7D660 /* Networking Layer */,
				DA3A4A2D244A2D7400D7D660 /* Resources */,
				DA3A4A2B244A2D4700D7D660 /* View Layer */,
				DA3A4A03244A2CDF00D7D660 /* AppDelegate.swift */,
				DA3A4A05244A2CDF00D7D660 /* SceneDelegate.swift */,
				DA7F5FD9244A58DD00D9D693 /* R.generated.swift */,
				DA3A4A14244A2CE100D7D660 /* Info.plist */,
			);
			path = reserveMyStuff;
			sourceTree = "<group>";
		};
		DA3A4A1C244A2CE100D7D660 /* reserveMyStuffTests */ = {
			isa = PBXGroup;
			children = (
				DA3A4A1D244A2CE100D7D660 /* reserveMyStuffTests.swift */,
				DA3A4A1F244A2CE100D7D660 /* Info.plist */,
			);
			path = reserveMyStuffTests;
			sourceTree = "<group>";
		};
		DA3A4A28244A2D2200D7D660 /* Data Layer */ = {
			isa = PBXGroup;
			children = (
				DA3A4A0C244A2CDF00D7D660 /* reserveMyStuff.xcdatamodeld */,
			);
			path = "Data Layer";
			sourceTree = "<group>";
		};
		DA3A4A29244A2D3700D7D660 /* Networking Layer */ = {
			isa = PBXGroup;
			children = (
				DA3A4A38244A313400D7D660 /* Core */,
				DA3A4A4D244A313400D7D660 /* Mocks */,
				DA3A4A35244A313400D7D660 /* Router */,
				DA3A4A34244A313400D7D660 /* JXNetworkManager.swift */,
			);
			path = "Networking Layer";
			sourceTree = "<group>";
		};
		DA3A4A2A244A2D3E00D7D660 /* Navigation Layer */ = {
			isa = PBXGroup;
			children = (
				DA0A3072244A3DAF000D953A /* Core */,
				DA0A3073244A3E46000D953A /* AppCoordinator.swift */,
				DA0A3075244A3F8A000D953A /* MainCoordinator.swift */,
			);
			path = "Navigation Layer";
			sourceTree = "<group>";
		};
		DA3A4A2B244A2D4700D7D660 /* View Layer */ = {
			isa = PBXGroup;
			children = (
				DA93843B244A795C00EA2CF7 /* Schedule */,
				DA0A3C07244A3CDA0037BE0B /* Reservations */,
				DA3A4A2C244A2D5200D7D660 /* Storyboards */,
			);
			path = "View Layer";
			sourceTree = "<group>";
		};
		DA3A4A2C244A2D5200D7D660 /* Storyboards */ = {
			isa = PBXGroup;
			children = (
				DA3A4A09244A2CDF00D7D660 /* Main.storyboard */,
				DA3A4A11244A2CE100D7D660 /* LaunchScreen.storyboard */,
			);
			path = Storyboards;
			sourceTree = "<group>";
		};
		DA3A4A2D244A2D7400D7D660 /* Resources */ = {
			isa = PBXGroup;
			children = (
				DA3A4A0F244A2CE100D7D660 /* Assets.xcassets */,
				DA7F5FDB244A5B1F00D9D693 /* Colors.xcassets */,
				DA938430244A5F4300EA2CF7 /* Localizable.strings */,
			);
			path = Resources;
			sourceTree = "<group>";
		};
		DA3A4A35244A313400D7D660 /* Router */ = {
			isa = PBXGroup;
			children = (
				DA3A4A36244A313400D7D660 /* JobUnitV2Router.swift */,
				DA3A4A37244A313400D7D660 /* JXGoogleRouter.swift */,
			);
			path = Router;
			sourceTree = "<group>";
		};
		DA3A4A38244A313400D7D660 /* Core */ = {
			isa = PBXGroup;
			children = (
				DA3A4A39244A313400D7D660 /* Models */,
				DA3A4A3D244A313400D7D660 /* Operations */,
				DA3A4A42244A313400D7D660 /* Extensions */,
				DA3A4A48244A313400D7D660 /* Protocols */,
				DA3A4A47244A313400D7D660 /* NetworkingConstants.swift */,
				DA3A4A65244A327800D7D660 /* NetworkingErrors.swift */,
			);
			path = Core;
			sourceTree = "<group>";
		};
		DA3A4A39244A313400D7D660 /* Models */ = {
			isa = PBXGroup;
			children = (
				DA3A4A3A244A313400D7D660 /* ParametersEncoding.swift */,
				DA3A4A3B244A313400D7D660 /* HTTPMethod.swift */,
				DA3A4A3C244A313400D7D660 /* Task.swift */,
			);
			path = Models;
			sourceTree = "<group>";
		};
		DA3A4A3D244A313400D7D660 /* Operations */ = {
			isa = PBXGroup;
			children = (
				DA3A4A3E244A313400D7D660 /* EmptyOperation.swift */,
				DA3A4A3F244A313400D7D660 /* Operable.swift */,
				DA3A4A40244A313400D7D660 /* DecodableOperation.swift */,
			);
			path = Operations;
			sourceTree = "<group>";
		};
		DA3A4A42244A313400D7D660 /* Extensions */ = {
			isa = PBXGroup;
			children = (
				DA3A4A43244A313400D7D660 /* URLRequest+Common+Extension.swift */,
				DA3A4A44244A313400D7D660 /* URLSession+Common+Extension.swift */,
				DA3A4A45244A313400D7D660 /* URLComponents+Common+Extension.swift */,
				DA3A4A46244A313400D7D660 /* URL+Common+Extension.swift */,
			);
			path = Extensions;
			sourceTree = "<group>";
		};
		DA3A4A48244A313400D7D660 /* Protocols */ = {
			isa = PBXGroup;
			children = (
				DA3A4A49244A313400D7D660 /* Mockable.swift */,
				DA3A4A4A244A313400D7D660 /* QueueManageable.swift */,
				DA3A4A4B244A313400D7D660 /* NetworkRoutable.swift */,
				DA3A4A4C244A313400D7D660 /* URLSessionProvidable.swift */,
			);
			path = Protocols;
			sourceTree = "<group>";
		};
		DA3A4A4D244A313400D7D660 /* Mocks */ = {
			isa = PBXGroup;
			children = (
				DA3A4A4E244A313400D7D660 /* GMDirectionsMock.json */,
				DA3A4A4F244A313400D7D660 /* MockSession.swift */,
			);
			path = Mocks;
			sourceTree = "<group>";
		};
		DA3A4A67244A35F800D7D660 /* Extensions */ = {
			isa = PBXGroup;
			children = (
				DA3A4A68244A360900D7D660 /* Result+Extension.swift */,
			);
			path = Extensions;
			sourceTree = "<group>";
		};
		DA938436244A72D900EA2CF7 /* Models */ = {
			isa = PBXGroup;
			children = (
				DA938437244A72EE00EA2CF7 /* Reservation.swift */,
				DA938439244A745300EA2CF7 /* ReservationOption.swift */,
			);
			path = Models;
			sourceTree = "<group>";
		};
		DA93843B244A795C00EA2CF7 /* Schedule */ = {
			isa = PBXGroup;
			children = (
				DA938449244A957400EA2CF7 /* Time of Day Container */,
				DA938448244A955D00EA2CF7 /* Month Container */,
				DA93843C244A797000EA2CF7 /* ScheduleViewController.swift */,
			);
			path = Schedule;
			sourceTree = "<group>";
		};
		DA938448244A955D00EA2CF7 /* Month Container */ = {
			isa = PBXGroup;
			children = (
				DA93843E244A8B9600EA2CF7 /* MonthViewController.swift */,
				DA938444244A8E2B00EA2CF7 /* MonthCollectionViewCell.swift */,
				DA938445244A8E2B00EA2CF7 /* MonthCollectionViewCell.xib */,
			);
			path = "Month Container";
			sourceTree = "<group>";
		};
		DA938449244A957400EA2CF7 /* Time of Day Container */ = {
			isa = PBXGroup;
			children = (
				DA938440244A8BA100EA2CF7 /* TimeOfDayViewController.swift */,
				DA93844A244A959100EA2CF7 /* TimeOfDayCollectionViewCell.swift */,
				DA93844B244A959100EA2CF7 /* TimeOfDayCollectionViewCell.xib */,
			);
			path = "Time of Day Container";
			sourceTree = "<group>";
		};
/* End PBXGroup section */

/* Begin PBXNativeTarget section */
		DA3A49FF244A2CDF00D7D660 /* reserveMyStuff */ = {
			isa = PBXNativeTarget;
			buildConfigurationList = DA3A4A22244A2CE100D7D660 /* Build configuration list for PBXNativeTarget "reserveMyStuff" */;
			buildPhases = (
				590CEB0C97FEA32B15528C30 /* [CP] Check Pods Manifest.lock */,
				DA7F5FD8244A580000D9D693 /* R Swift */,
				DA3A49FC244A2CDF00D7D660 /* Sources */,
				DA3A49FD244A2CDF00D7D660 /* Frameworks */,
				DA3A49FE244A2CDF00D7D660 /* Resources */,
				1286FEB3BBE6B68CF7F7D620 /* [CP] Embed Pods Frameworks */,
			);
			buildRules = (
			);
			dependencies = (
			);
			name = reserveMyStuff;
			productName = reserveMyStuff;
			productReference = DA3A4A00244A2CDF00D7D660 /* reserveMyStuff.app */;
			productType = "com.apple.product-type.application";
		};
		DA3A4A18244A2CE100D7D660 /* reserveMyStuffTests */ = {
			isa = PBXNativeTarget;
			buildConfigurationList = DA3A4A25244A2CE100D7D660 /* Build configuration list for PBXNativeTarget "reserveMyStuffTests" */;
			buildPhases = (
				1BF6DF5D3F065FD72C2FA9BD /* [CP] Check Pods Manifest.lock */,
				DA3A4A15244A2CE100D7D660 /* Sources */,
				DA3A4A16244A2CE100D7D660 /* Frameworks */,
				DA3A4A17244A2CE100D7D660 /* Resources */,
			);
			buildRules = (
			);
			dependencies = (
				DA3A4A1B244A2CE100D7D660 /* PBXTargetDependency */,
			);
			name = reserveMyStuffTests;
			productName = reserveMyStuffTests;
			productReference = DA3A4A19244A2CE100D7D660 /* reserveMyStuffTests.xctest */;
			productType = "com.apple.product-type.bundle.unit-test";
		};
/* End PBXNativeTarget section */

/* Begin PBXProject section */
		DA3A49F8244A2CDF00D7D660 /* Project object */ = {
			isa = PBXProject;
			attributes = {
				LastSwiftUpdateCheck = 1140;
				LastUpgradeCheck = 1140;
				ORGANIZATIONNAME = "Josh Franco";
				TargetAttributes = {
					DA3A49FF244A2CDF00D7D660 = {
						CreatedOnToolsVersion = 11.4;
					};
					DA3A4A18244A2CE100D7D660 = {
						CreatedOnToolsVersion = 11.4;
						TestTargetID = DA3A49FF244A2CDF00D7D660;
					};
				};
			};
			buildConfigurationList = DA3A49FB244A2CDF00D7D660 /* Build configuration list for PBXProject "reserveMyStuff" */;
			compatibilityVersion = "Xcode 9.3";
			developmentRegion = en;
			hasScannedForEncodings = 0;
			knownRegions = (
				en,
				Base,
			);
			mainGroup = DA3A49F7244A2CDF00D7D660;
			productRefGroup = DA3A4A01244A2CDF00D7D660 /* Products */;
			projectDirPath = "";
			projectRoot = "";
			targets = (
				DA3A49FF244A2CDF00D7D660 /* reserveMyStuff */,
				DA3A4A18244A2CE100D7D660 /* reserveMyStuffTests */,
			);
		};
/* End PBXProject section */

/* Begin PBXResourcesBuildPhase section */
		DA3A49FE244A2CDF00D7D660 /* Resources */ = {
			isa = PBXResourcesBuildPhase;
			buildActionMask = 2147483647;
			files = (
				DA7F5FDC244A5B1F00D9D693 /* Colors.xcassets in Resources */,
				DA938447244A8E2B00EA2CF7 /* MonthCollectionViewCell.xib in Resources */,
				DA938431244A5F4300EA2CF7 /* Localizable.strings in Resources */,
				DA3A4A13244A2CE100D7D660 /* LaunchScreen.storyboard in Resources */,
				DA93844D244A959100EA2CF7 /* TimeOfDayCollectionViewCell.xib in Resources */,
				DA3A4A10244A2CE100D7D660 /* Assets.xcassets in Resources */,
				DA3A4A0B244A2CDF00D7D660 /* Main.storyboard in Resources */,
				DA938435244A624000EA2CF7 /* ReservationTableViewCell.xib in Resources */,
				DA3A4A63244A313400D7D660 /* GMDirectionsMock.json in Resources */,
			);
			runOnlyForDeploymentPostprocessing = 0;
		};
		DA3A4A17244A2CE100D7D660 /* Resources */ = {
			isa = PBXResourcesBuildPhase;
			buildActionMask = 2147483647;
			files = (
			);
			runOnlyForDeploymentPostprocessing = 0;
		};
/* End PBXResourcesBuildPhase section */

/* Begin PBXShellScriptBuildPhase section */
		1286FEB3BBE6B68CF7F7D620 /* [CP] Embed Pods Frameworks */ = {
			isa = PBXShellScriptBuildPhase;
			buildActionMask = 2147483647;
			files = (
			);
			inputFileListPaths = (
				"${PODS_ROOT}/Target Support Files/Pods-reserveMyStuff/Pods-reserveMyStuff-frameworks-${CONFIGURATION}-input-files.xcfilelist",
			);
			name = "[CP] Embed Pods Frameworks";
			outputFileListPaths = (
				"${PODS_ROOT}/Target Support Files/Pods-reserveMyStuff/Pods-reserveMyStuff-frameworks-${CONFIGURATION}-output-files.xcfilelist",
			);
			runOnlyForDeploymentPostprocessing = 0;
			shellPath = /bin/sh;
			shellScript = "\"${PODS_ROOT}/Target Support Files/Pods-reserveMyStuff/Pods-reserveMyStuff-frameworks.sh\"\n";
			showEnvVarsInLog = 0;
		};
		1BF6DF5D3F065FD72C2FA9BD /* [CP] Check Pods Manifest.lock */ = {
			isa = PBXShellScriptBuildPhase;
			buildActionMask = 2147483647;
			files = (
			);
			inputFileListPaths = (
			);
			inputPaths = (
				"${PODS_PODFILE_DIR_PATH}/Podfile.lock",
				"${PODS_ROOT}/Manifest.lock",
			);
			name = "[CP] Check Pods Manifest.lock";
			outputFileListPaths = (
			);
			outputPaths = (
				"$(DERIVED_FILE_DIR)/Pods-reserveMyStuffTests-checkManifestLockResult.txt",
			);
			runOnlyForDeploymentPostprocessing = 0;
			shellPath = /bin/sh;
			shellScript = "diff \"${PODS_PODFILE_DIR_PATH}/Podfile.lock\" \"${PODS_ROOT}/Manifest.lock\" > /dev/null\nif [ $? != 0 ] ; then\n    # print error to STDERR\n    echo \"error: The sandbox is not in sync with the Podfile.lock. Run 'pod install' or update your CocoaPods installation.\" >&2\n    exit 1\nfi\n# This output is used by Xcode 'outputs' to avoid re-running this script phase.\necho \"SUCCESS\" > \"${SCRIPT_OUTPUT_FILE_0}\"\n";
			showEnvVarsInLog = 0;
		};
		590CEB0C97FEA32B15528C30 /* [CP] Check Pods Manifest.lock */ = {
			isa = PBXShellScriptBuildPhase;
			buildActionMask = 2147483647;
			files = (
			);
			inputFileListPaths = (
			);
			inputPaths = (
				"${PODS_PODFILE_DIR_PATH}/Podfile.lock",
				"${PODS_ROOT}/Manifest.lock",
			);
			name = "[CP] Check Pods Manifest.lock";
			outputFileListPaths = (
			);
			outputPaths = (
				"$(DERIVED_FILE_DIR)/Pods-reserveMyStuff-checkManifestLockResult.txt",
			);
			runOnlyForDeploymentPostprocessing = 0;
			shellPath = /bin/sh;
			shellScript = "diff \"${PODS_PODFILE_DIR_PATH}/Podfile.lock\" \"${PODS_ROOT}/Manifest.lock\" > /dev/null\nif [ $? != 0 ] ; then\n    # print error to STDERR\n    echo \"error: The sandbox is not in sync with the Podfile.lock. Run 'pod install' or update your CocoaPods installation.\" >&2\n    exit 1\nfi\n# This output is used by Xcode 'outputs' to avoid re-running this script phase.\necho \"SUCCESS\" > \"${SCRIPT_OUTPUT_FILE_0}\"\n";
			showEnvVarsInLog = 0;
		};
		DA7F5FD8244A580000D9D693 /* R Swift */ = {
			isa = PBXShellScriptBuildPhase;
			buildActionMask = 2147483647;
			files = (
			);
			inputFileListPaths = (
			);
			inputPaths = (
				"$TEMP_DIR/rswift-lastrun",
			);
			name = "R Swift";
			outputFileListPaths = (
			);
			outputPaths = (
				$SRCROOT/R.generated.swift,
			);
			runOnlyForDeploymentPostprocessing = 0;
			shellPath = /bin/sh;
			shellScript = "\"$PODS_ROOT/R.swift/rswift\" generate \"$SRCROOT/R.generated.swift\"\n";
		};
/* End PBXShellScriptBuildPhase section */

/* Begin PBXSourcesBuildPhase section */
		DA3A49FC244A2CDF00D7D660 /* Sources */ = {
			isa = PBXSourcesBuildPhase;
			buildActionMask = 2147483647;
			files = (
				DA3A4A62244A313400D7D660 /* URLSessionProvidable.swift in Sources */,
				DA3A4A50244A313400D7D660 /* JXNetworkManager.swift in Sources */,
				DA7F5FDA244A58DD00D9D693 /* R.generated.swift in Sources */,
				DA3A4A61244A313400D7D660 /* NetworkRoutable.swift in Sources */,
				DA3A4A33244A2DCE00D7D660 /* Navigatable.swift in Sources */,
				DA93843D244A797000EA2CF7 /* ScheduleViewController.swift in Sources */,
				DA3A4A5A244A313400D7D660 /* URLRequest+Common+Extension.swift in Sources */,
				DA3A4A64244A313400D7D660 /* MockSession.swift in Sources */,
				DA938441244A8BA100EA2CF7 /* TimeOfDayViewController.swift in Sources */,
				DA3A4A5F244A313400D7D660 /* Mockable.swift in Sources */,
				DA3A4A0E244A2CDF00D7D660 /* reserveMyStuff.xcdatamodeld in Sources */,
				DA3A4A32244A2DCE00D7D660 /* Coordinator.swift in Sources */,
				DA3A4A56244A313400D7D660 /* EmptyOperation.swift in Sources */,
				DA3A4A31244A2DCE00D7D660 /* Storyboarded.swift in Sources */,
				DA0A3074244A3E46000D953A /* AppCoordinator.swift in Sources */,
				DA93843A244A745300EA2CF7 /* ReservationOption.swift in Sources */,
				DA0A3C06244A3C850037BE0B /* ReservationsTableViewController.swift in Sources */,
				DA938438244A72EE00EA2CF7 /* Reservation.swift in Sources */,
				DA93843F244A8B9600EA2CF7 /* MonthViewController.swift in Sources */,
				DA938434244A624000EA2CF7 /* ReservationTableViewCell.swift in Sources */,
				DA93844C244A959100EA2CF7 /* TimeOfDayCollectionViewCell.swift in Sources */,
				DA3A4A58244A313400D7D660 /* DecodableOperation.swift in Sources */,
				DA3A4A04244A2CDF00D7D660 /* AppDelegate.swift in Sources */,
				DA3A4A53244A313400D7D660 /* ParametersEncoding.swift in Sources */,
				DA3A4A5C244A313400D7D660 /* URLComponents+Common+Extension.swift in Sources */,
				DA3A4A5B244A313400D7D660 /* URLSession+Common+Extension.swift in Sources */,
				DA3A4A57244A313400D7D660 /* Operable.swift in Sources */,
				DA0A3076244A3F8A000D953A /* MainCoordinator.swift in Sources */,
				DA3A4A5E244A313400D7D660 /* NetworkingConstants.swift in Sources */,
				DA3A4A55244A313400D7D660 /* Task.swift in Sources */,
				DA3A4A69244A360900D7D660 /* Result+Extension.swift in Sources */,
				DA3A4A66244A327800D7D660 /* NetworkingErrors.swift in Sources */,
				DA3A4A60244A313400D7D660 /* QueueManageable.swift in Sources */,
				DA3A4A54244A313400D7D660 /* HTTPMethod.swift in Sources */,
				DA3A4A5D244A313400D7D660 /* URL+Common+Extension.swift in Sources */,
				DA3A4A52244A313400D7D660 /* JXGoogleRouter.swift in Sources */,
				DA938446244A8E2B00EA2CF7 /* MonthCollectionViewCell.swift in Sources */,
				DA3A4A06244A2CDF00D7D660 /* SceneDelegate.swift in Sources */,
				DA3A4A51244A313400D7D660 /* JobUnitV2Router.swift in Sources */,
			);
			runOnlyForDeploymentPostprocessing = 0;
		};
		DA3A4A15244A2CE100D7D660 /* Sources */ = {
			isa = PBXSourcesBuildPhase;
			buildActionMask = 2147483647;
			files = (
				DA3A4A1E244A2CE100D7D660 /* reserveMyStuffTests.swift in Sources */,
			);
			runOnlyForDeploymentPostprocessing = 0;
		};
/* End PBXSourcesBuildPhase section */

/* Begin PBXTargetDependency section */
		DA3A4A1B244A2CE100D7D660 /* PBXTargetDependency */ = {
			isa = PBXTargetDependency;
			target = DA3A49FF244A2CDF00D7D660 /* reserveMyStuff */;
			targetProxy = DA3A4A1A244A2CE100D7D660 /* PBXContainerItemProxy */;
		};
/* End PBXTargetDependency section */

/* Begin PBXVariantGroup section */
		DA3A4A09244A2CDF00D7D660 /* Main.storyboard */ = {
			isa = PBXVariantGroup;
			children = (
				DA3A4A0A244A2CDF00D7D660 /* Base */,
			);
			name = Main.storyboard;
			sourceTree = "<group>";
		};
		DA3A4A11244A2CE100D7D660 /* LaunchScreen.storyboard */ = {
			isa = PBXVariantGroup;
			children = (
				DA3A4A12244A2CE100D7D660 /* Base */,
			);
			name = LaunchScreen.storyboard;
			sourceTree = "<group>";
		};
/* End PBXVariantGroup section */

/* Begin XCBuildConfiguration section */
		DA3A4A20244A2CE100D7D660 /* Debug */ = {
			isa = XCBuildConfiguration;
			buildSettings = {
				ALWAYS_SEARCH_USER_PATHS = NO;
				CLANG_ANALYZER_NONNULL = YES;
				CLANG_ANALYZER_NUMBER_OBJECT_CONVERSION = YES_AGGRESSIVE;
				CLANG_CXX_LANGUAGE_STANDARD = "gnu++14";
				CLANG_CXX_LIBRARY = "libc++";
				CLANG_ENABLE_MODULES = YES;
				CLANG_ENABLE_OBJC_ARC = YES;
				CLANG_ENABLE_OBJC_WEAK = YES;
				CLANG_WARN_BLOCK_CAPTURE_AUTORELEASING = YES;
				CLANG_WARN_BOOL_CONVERSION = YES;
				CLANG_WARN_COMMA = YES;
				CLANG_WARN_CONSTANT_CONVERSION = YES;
				CLANG_WARN_DEPRECATED_OBJC_IMPLEMENTATIONS = YES;
				CLANG_WARN_DIRECT_OBJC_ISA_USAGE = YES_ERROR;
				CLANG_WARN_DOCUMENTATION_COMMENTS = YES;
				CLANG_WARN_EMPTY_BODY = YES;
				CLANG_WARN_ENUM_CONVERSION = YES;
				CLANG_WARN_INFINITE_RECURSION = YES;
				CLANG_WARN_INT_CONVERSION = YES;
				CLANG_WARN_NON_LITERAL_NULL_CONVERSION = YES;
				CLANG_WARN_OBJC_IMPLICIT_RETAIN_SELF = YES;
				CLANG_WARN_OBJC_LITERAL_CONVERSION = YES;
				CLANG_WARN_OBJC_ROOT_CLASS = YES_ERROR;
				CLANG_WARN_RANGE_LOOP_ANALYSIS = YES;
				CLANG_WARN_STRICT_PROTOTYPES = YES;
				CLANG_WARN_SUSPICIOUS_MOVE = YES;
				CLANG_WARN_UNGUARDED_AVAILABILITY = YES_AGGRESSIVE;
				CLANG_WARN_UNREACHABLE_CODE = YES;
				CLANG_WARN__DUPLICATE_METHOD_MATCH = YES;
				COPY_PHASE_STRIP = NO;
				DEBUG_INFORMATION_FORMAT = dwarf;
				ENABLE_STRICT_OBJC_MSGSEND = YES;
				ENABLE_TESTABILITY = YES;
				GCC_C_LANGUAGE_STANDARD = gnu11;
				GCC_DYNAMIC_NO_PIC = NO;
				GCC_NO_COMMON_BLOCKS = YES;
				GCC_OPTIMIZATION_LEVEL = 0;
				GCC_PREPROCESSOR_DEFINITIONS = (
					"DEBUG=1",
					"$(inherited)",
				);
				GCC_WARN_64_TO_32_BIT_CONVERSION = YES;
				GCC_WARN_ABOUT_RETURN_TYPE = YES_ERROR;
				GCC_WARN_UNDECLARED_SELECTOR = YES;
				GCC_WARN_UNINITIALIZED_AUTOS = YES_AGGRESSIVE;
				GCC_WARN_UNUSED_FUNCTION = YES;
				GCC_WARN_UNUSED_VARIABLE = YES;
				IPHONEOS_DEPLOYMENT_TARGET = 13.4;
				MTL_ENABLE_DEBUG_INFO = INCLUDE_SOURCE;
				MTL_FAST_MATH = YES;
				ONLY_ACTIVE_ARCH = YES;
				SDKROOT = iphoneos;
				SWIFT_ACTIVE_COMPILATION_CONDITIONS = DEBUG;
				SWIFT_OPTIMIZATION_LEVEL = "-Onone";
			};
			name = Debug;
		};
		DA3A4A21244A2CE100D7D660 /* Release */ = {
			isa = XCBuildConfiguration;
			buildSettings = {
				ALWAYS_SEARCH_USER_PATHS = NO;
				CLANG_ANALYZER_NONNULL = YES;
				CLANG_ANALYZER_NUMBER_OBJECT_CONVERSION = YES_AGGRESSIVE;
				CLANG_CXX_LANGUAGE_STANDARD = "gnu++14";
				CLANG_CXX_LIBRARY = "libc++";
				CLANG_ENABLE_MODULES = YES;
				CLANG_ENABLE_OBJC_ARC = YES;
				CLANG_ENABLE_OBJC_WEAK = YES;
				CLANG_WARN_BLOCK_CAPTURE_AUTORELEASING = YES;
				CLANG_WARN_BOOL_CONVERSION = YES;
				CLANG_WARN_COMMA = YES;
				CLANG_WARN_CONSTANT_CONVERSION = YES;
				CLANG_WARN_DEPRECATED_OBJC_IMPLEMENTATIONS = YES;
				CLANG_WARN_DIRECT_OBJC_ISA_USAGE = YES_ERROR;
				CLANG_WARN_DOCUMENTATION_COMMENTS = YES;
				CLANG_WARN_EMPTY_BODY = YES;
				CLANG_WARN_ENUM_CONVERSION = YES;
				CLANG_WARN_INFINITE_RECURSION = YES;
				CLANG_WARN_INT_CONVERSION = YES;
				CLANG_WARN_NON_LITERAL_NULL_CONVERSION = YES;
				CLANG_WARN_OBJC_IMPLICIT_RETAIN_SELF = YES;
				CLANG_WARN_OBJC_LITERAL_CONVERSION = YES;
				CLANG_WARN_OBJC_ROOT_CLASS = YES_ERROR;
				CLANG_WARN_RANGE_LOOP_ANALYSIS = YES;
				CLANG_WARN_STRICT_PROTOTYPES = YES;
				CLANG_WARN_SUSPICIOUS_MOVE = YES;
				CLANG_WARN_UNGUARDED_AVAILABILITY = YES_AGGRESSIVE;
				CLANG_WARN_UNREACHABLE_CODE = YES;
				CLANG_WARN__DUPLICATE_METHOD_MATCH = YES;
				COPY_PHASE_STRIP = NO;
				DEBUG_INFORMATION_FORMAT = "dwarf-with-dsym";
				ENABLE_NS_ASSERTIONS = NO;
				ENABLE_STRICT_OBJC_MSGSEND = YES;
				GCC_C_LANGUAGE_STANDARD = gnu11;
				GCC_NO_COMMON_BLOCKS = YES;
				GCC_WARN_64_TO_32_BIT_CONVERSION = YES;
				GCC_WARN_ABOUT_RETURN_TYPE = YES_ERROR;
				GCC_WARN_UNDECLARED_SELECTOR = YES;
				GCC_WARN_UNINITIALIZED_AUTOS = YES_AGGRESSIVE;
				GCC_WARN_UNUSED_FUNCTION = YES;
				GCC_WARN_UNUSED_VARIABLE = YES;
				IPHONEOS_DEPLOYMENT_TARGET = 13.4;
				MTL_ENABLE_DEBUG_INFO = NO;
				MTL_FAST_MATH = YES;
				SDKROOT = iphoneos;
				SWIFT_COMPILATION_MODE = wholemodule;
				SWIFT_OPTIMIZATION_LEVEL = "-O";
				VALIDATE_PRODUCT = YES;
			};
			name = Release;
		};
		DA3A4A23244A2CE100D7D660 /* Debug */ = {
			isa = XCBuildConfiguration;
			baseConfigurationReference = 6251915B8B0397D1CE0860DF /* Pods-reserveMyStuff.debug.xcconfig */;
			buildSettings = {
				ASSETCATALOG_COMPILER_APPICON_NAME = AppIcon;
				CODE_SIGN_STYLE = Automatic;
				INFOPLIST_FILE = reserveMyStuff/Info.plist;
				LD_RUNPATH_SEARCH_PATHS = (
					"$(inherited)",
					"@executable_path/Frameworks",
				);
				PRODUCT_BUNDLE_IDENTIFIER = jsfranco.reserveMyStuff;
				PRODUCT_NAME = "$(TARGET_NAME)";
				SWIFT_VERSION = 5.0;
				TARGETED_DEVICE_FAMILY = "1,2";
			};
			name = Debug;
		};
		DA3A4A24244A2CE100D7D660 /* Release */ = {
			isa = XCBuildConfiguration;
			baseConfigurationReference = DF0094A84B71C05EFECCD25F /* Pods-reserveMyStuff.release.xcconfig */;
			buildSettings = {
				ASSETCATALOG_COMPILER_APPICON_NAME = AppIcon;
				CODE_SIGN_STYLE = Automatic;
				INFOPLIST_FILE = reserveMyStuff/Info.plist;
				LD_RUNPATH_SEARCH_PATHS = (
					"$(inherited)",
					"@executable_path/Frameworks",
				);
				PRODUCT_BUNDLE_IDENTIFIER = jsfranco.reserveMyStuff;
				PRODUCT_NAME = "$(TARGET_NAME)";
				SWIFT_VERSION = 5.0;
				TARGETED_DEVICE_FAMILY = "1,2";
			};
			name = Release;
		};
		DA3A4A26244A2CE100D7D660 /* Debug */ = {
			isa = XCBuildConfiguration;
			baseConfigurationReference = 3D1D323C154E09E4C215E502 /* Pods-reserveMyStuffTests.debug.xcconfig */;
			buildSettings = {
				ALWAYS_EMBED_SWIFT_STANDARD_LIBRARIES = YES;
				BUNDLE_LOADER = "$(TEST_HOST)";
				CODE_SIGN_STYLE = Automatic;
				INFOPLIST_FILE = reserveMyStuffTests/Info.plist;
				IPHONEOS_DEPLOYMENT_TARGET = 13.4;
				LD_RUNPATH_SEARCH_PATHS = (
					"$(inherited)",
					"@executable_path/Frameworks",
					"@loader_path/Frameworks",
				);
				PRODUCT_BUNDLE_IDENTIFIER = jsfranco.reserveMyStuffTests;
				PRODUCT_NAME = "$(TARGET_NAME)";
				SWIFT_VERSION = 5.0;
				TARGETED_DEVICE_FAMILY = "1,2";
				TEST_HOST = "$(BUILT_PRODUCTS_DIR)/reserveMyStuff.app/reserveMyStuff";
			};
			name = Debug;
		};
		DA3A4A27244A2CE100D7D660 /* Release */ = {
			isa = XCBuildConfiguration;
			baseConfigurationReference = 893247B22D4086FD42063B5E /* Pods-reserveMyStuffTests.release.xcconfig */;
			buildSettings = {
				ALWAYS_EMBED_SWIFT_STANDARD_LIBRARIES = YES;
				BUNDLE_LOADER = "$(TEST_HOST)";
				CODE_SIGN_STYLE = Automatic;
				INFOPLIST_FILE = reserveMyStuffTests/Info.plist;
				IPHONEOS_DEPLOYMENT_TARGET = 13.4;
				LD_RUNPATH_SEARCH_PATHS = (
					"$(inherited)",
					"@executable_path/Frameworks",
					"@loader_path/Frameworks",
				);
				PRODUCT_BUNDLE_IDENTIFIER = jsfranco.reserveMyStuffTests;
				PRODUCT_NAME = "$(TARGET_NAME)";
				SWIFT_VERSION = 5.0;
				TARGETED_DEVICE_FAMILY = "1,2";
				TEST_HOST = "$(BUILT_PRODUCTS_DIR)/reserveMyStuff.app/reserveMyStuff";
			};
			name = Release;
		};
/* End XCBuildConfiguration section */

/* Begin XCConfigurationList section */
		DA3A49FB244A2CDF00D7D660 /* Build configuration list for PBXProject "reserveMyStuff" */ = {
			isa = XCConfigurationList;
			buildConfigurations = (
				DA3A4A20244A2CE100D7D660 /* Debug */,
				DA3A4A21244A2CE100D7D660 /* Release */,
			);
			defaultConfigurationIsVisible = 0;
			defaultConfigurationName = Release;
		};
		DA3A4A22244A2CE100D7D660 /* Build configuration list for PBXNativeTarget "reserveMyStuff" */ = {
			isa = XCConfigurationList;
			buildConfigurations = (
				DA3A4A23244A2CE100D7D660 /* Debug */,
				DA3A4A24244A2CE100D7D660 /* Release */,
			);
			defaultConfigurationIsVisible = 0;
			defaultConfigurationName = Release;
		};
		DA3A4A25244A2CE100D7D660 /* Build configuration list for PBXNativeTarget "reserveMyStuffTests" */ = {
			isa = XCConfigurationList;
			buildConfigurations = (
				DA3A4A26244A2CE100D7D660 /* Debug */,
				DA3A4A27244A2CE100D7D660 /* Release */,
			);
			defaultConfigurationIsVisible = 0;
			defaultConfigurationName = Release;
		};
/* End XCConfigurationList section */

/* Begin XCVersionGroup section */
		DA3A4A0C244A2CDF00D7D660 /* reserveMyStuff.xcdatamodeld */ = {
			isa = XCVersionGroup;
			children = (
				DA3A4A0D244A2CDF00D7D660 /* reserveMyStuff.xcdatamodel */,
			);
			currentVersion = DA3A4A0D244A2CDF00D7D660 /* reserveMyStuff.xcdatamodel */;
			path = reserveMyStuff.xcdatamodeld;
			sourceTree = "<group>";
			versionGroupType = wrapper.xcdatamodel;
		};
/* End XCVersionGroup section */
	};
	rootObject = DA3A49F8244A2CDF00D7D660 /* Project object */;
}
